// !$*UTF8*$!
{
	archiveVersion = 1;
	classes = {
	};
	objectVersion = 50;
	objects = {

/* Begin PBXBuildFile section */
		28AA770E25DB879800D3FDAD /* AppDelegate.swift in Sources */ = {isa = PBXBuildFile; fileRef = 28AA770D25DB879800D3FDAD /* AppDelegate.swift */; };
		28AA771025DB879800D3FDAD /* SceneDelegate.swift in Sources */ = {isa = PBXBuildFile; fileRef = 28AA770F25DB879800D3FDAD /* SceneDelegate.swift */; };
		28AA771225DB879800D3FDAD /* ViewController.swift in Sources */ = {isa = PBXBuildFile; fileRef = 28AA771125DB879800D3FDAD /* ViewController.swift */; };
		28AA771525DB879800D3FDAD /* Main.storyboard in Resources */ = {isa = PBXBuildFile; fileRef = 28AA771325DB879800D3FDAD /* Main.storyboard */; };
		28AA771725DB879D00D3FDAD /* Assets.xcassets in Resources */ = {isa = PBXBuildFile; fileRef = 28AA771625DB879D00D3FDAD /* Assets.xcassets */; };
		28AA771A25DB879D00D3FDAD /* LaunchScreen.storyboard in Resources */ = {isa = PBXBuildFile; fileRef = 28AA771825DB879D00D3FDAD /* LaunchScreen.storyboard */; };
		28AA772425DB87F900D3FDAD /* flower_06.png in Resources */ = {isa = PBXBuildFile; fileRef = 28AA772325DB87F900D3FDAD /* flower_06.png */; };
/* End PBXBuildFile section */

/* Begin PBXFileReference section */
		28AA770A25DB879800D3FDAD /* AutoLayout_01.app */ = {isa = PBXFileReference; explicitFileType = wrapper.application; includeInIndex = 0; path = AutoLayout_01.app; sourceTree = BUILT_PRODUCTS_DIR; };
		28AA770D25DB879800D3FDAD /* AppDelegate.swift */ = {isa = PBXFileReference; lastKnownFileType = sourcecode.swift; path = AppDelegate.swift; sourceTree = "<group>"; };
		28AA770F25DB879800D3FDAD /* SceneDelegate.swift */ = {isa = PBXFileReference; lastKnownFileType = sourcecode.swift; path = SceneDelegate.swift; sourceTree = "<group>"; };
		28AA771125DB879800D3FDAD /* ViewController.swift */ = {isa = PBXFileReference; lastKnownFileType = sourcecode.swift; path = ViewController.swift; sourceTree = "<group>"; };
		28AA771425DB879800D3FDAD /* Base */ = {isa = PBXFileReference; lastKnownFileType = file.storyboard; name = Base; path = Base.lproj/Main.storyboard; sourceTree = "<group>"; };
		28AA771625DB879D00D3FDAD /* Assets.xcassets */ = {isa = PBXFileReference; lastKnownFileType = folder.assetcatalog; path = Assets.xcassets; sourceTree = "<group>"; };
		28AA771925DB879D00D3FDAD /* Base */ = {isa = PBXFileReference; lastKnownFileType = file.storyboard; name = Base; path = Base.lproj/LaunchScreen.storyboard; sourceTree = "<group>"; };
		28AA771B25DB879D00D3FDAD /* Info.plist */ = {isa = PBXFileReference; lastKnownFileType = text.plist.xml; path = Info.plist; sourceTree = "<group>"; };
		28AA772325DB87F900D3FDAD /* flower_06.png */ = {isa = PBXFileReference; lastKnownFileType = image.png; path = flower_06.png; sourceTree = "<group>"; };
/* End PBXFileReference section */

/* Begin PBXFrameworksBuildPhase section */
		28AA770725DB879800D3FDAD /* Frameworks */ = {
			isa = PBXFrameworksBuildPhase;
			buildActionMask = 2147483647;
			files = (
			);
			runOnlyForDeploymentPostprocessing = 0;
		};
/* End PBXFrameworksBuildPhase section */

/* Begin PBXGroup section */
		28AA770125DB879800D3FDAD = {
			isa = PBXGroup;
			children = (
				28AA770C25DB879800D3FDAD /* AutoLayout_01 */,
				28AA770B25DB879800D3FDAD /* Products */,
			);
			sourceTree = "<group>";
		};
		28AA770B25DB879800D3FDAD /* Products */ = {
			isa = PBXGroup;
			children = (
				28AA770A25DB879800D3FDAD /* AutoLayout_01.app */,
			);
			name = Products;
			sourceTree = "<group>";
		};
		28AA770C25DB879800D3FDAD /* AutoLayout_01 */ = {
			isa = PBXGroup;
			children = (
				28AA772325DB87F900D3FDAD /* flower_06.png */,
				28AA770D25DB879800D3FDAD /* AppDelegate.swift */,
				28AA770F25DB879800D3FDAD /* SceneDelegate.swift */,
				28AA771125DB879800D3FDAD /* ViewController.swift */,
				28AA771325DB879800D3FDAD /* Main.storyboard */,
				28AA771625DB879D00D3FDAD /* Assets.xcassets */,
				28AA771825DB879D00D3FDAD /* LaunchScreen.storyboard */,
				28AA771B25DB879D00D3FDAD /* Info.plist */,
			);
			path = AutoLayout_01;
			sourceTree = "<group>";
		};
/* End PBXGroup section */

/* Begin PBXNativeTarget section */
		28AA770925DB879800D3FDAD /* AutoLayout_01 */ = {
			isa = PBXNativeTarget;
			buildConfigurationList = 28AA771E25DB879D00D3FDAD /* Build configuration list for PBXNativeTarget "AutoLayout_01" */;
			buildPhases = (
				28AA770625DB879800D3FDAD /* Sources */,
				28AA770725DB879800D3FDAD /* Frameworks */,
				28AA770825DB879800D3FDAD /* Resources */,
			);
			buildRules = (
			);
			dependencies = (
			);
			name = AutoLayout_01;
			productName = AutoLayout_01;
			productReference = 28AA770A25DB879800D3FDAD /* AutoLayout_01.app */;
			productType = "com.apple.product-type.application";
		};
/* End PBXNativeTarget section */

/* Begin PBXProject section */
		28AA770225DB879800D3FDAD /* Project object */ = {
			isa = PBXProject;
			attributes = {
				LastSwiftUpdateCheck = 1240;
				LastUpgradeCheck = 1240;
				TargetAttributes = {
					28AA770925DB879800D3FDAD = {
						CreatedOnToolsVersion = 12.4;
					};
				};
			};
			buildConfigurationList = 28AA770525DB879800D3FDAD /* Build configuration list for PBXProject "AutoLayout_01" */;
			compatibilityVersion = "Xcode 9.3";
			developmentRegion = en;
			hasScannedForEncodings = 0;
			knownRegions = (
				en,
				Base,
			);
			mainGroup = 28AA770125DB879800D3FDAD;
			productRefGroup = 28AA770B25DB879800D3FDAD /* Products */;
			projectDirPath = "";
			projectRoot = "";
			targets = (
				28AA770925DB879800D3FDAD /* AutoLayout_01 */,
			);
		};
/* End PBXProject section */

/* Begin PBXResourcesBuildPhase section */
		28AA770825DB879800D3FDAD /* Resources */ = {
			isa = PBXResourcesBuildPhase;
			buildActionMask = 2147483647;
			files = (
				28AA772425DB87F900D3FDAD /* flower_06.png in Resources */,
				28AA771A25DB879D00D3FDAD /* LaunchScreen.storyboard in Resources */,
				28AA771725DB879D00D3FDAD /* Assets.xcassets in Resources */,
				28AA771525DB879800D3FDAD /* Main.storyboard in Resources */,
			);
			runOnlyForDeploymentPostprocessing = 0;
		};
/* End PBXResourcesBuildPhase section */

/* Begin PBXSourcesBuildPhase section */
		28AA770625DB879800D3FDAD /* Sources */ = {
			isa = PBXSourcesBuildPhase;
			buildActionMask = 2147483647;
			files = (
				28AA771225DB879800D3FDAD /* ViewController.swift in Sources */,
				28AA770E25DB879800D3FDAD /* AppDelegate.swift in Sources */,
				28AA771025DB879800D3FDAD /* SceneDelegate.swift in Sources */,
			);
			runOnlyForDeploymentPostprocessing = 0;
		};
/* End PBXSourcesBuildPhase section */

/* Begin PBXVariantGroup section */
		28AA771325DB879800D3FDAD /* Main.storyboard */ = {
			isa = PBXVariantGroup;
			children = (
				28AA771425DB879800D3FDAD /* Base */,
			);
			name = Main.storyboard;
			sourceTree = "<group>";
		};
		28AA771825DB879D00D3FDAD /* LaunchScreen.storyboard */ = {
			isa = PBXVariantGroup;
			children = (
				28AA771925DB879D00D3FDAD /* Base */,
			);
			name = LaunchScreen.storyboard;
			sourceTree = "<group>";
		};
/* End PBXVariantGroup section */

/* Begin XCBuildConfiguration section */
		28AA771C25DB879D00D3FDAD /* Debug */ = {
			isa = XCBuildConfiguration;
			buildSettings = {
				ALWAYS_SEARCH_USER_PATHS = NO;
				CLANG_ANALYZER_NONNULL = YES;
				CLANG_ANALYZER_NUMBER_OBJECT_CONVERSION = YES_AGGRESSIVE;
				CLANG_CXX_LANGUAGE_STANDARD = "gnu++14";
				CLANG_CXX_LIBRARY = "libc++";
				CLANG_ENABLE_MODULES = YES;
				CLANG_ENABLE_OBJC_ARC = YES;
				CLANG_ENABLE_OBJC_WEAK = YES;
				CLANG_WARN_BLOCK_CAPTURE_AUTORELEASING = YES;
				CLANG_WARN_BOOL_CONVERSION = YES;
				CLANG_WARN_COMMA = YES;
				CLANG_WARN_CONSTANT_CONVERSION = YES;
				CLANG_WARN_DEPRECATED_OBJC_IMPLEMENTATIONS = YES;
				CLANG_WARN_DIRECT_OBJC_ISA_USAGE = YES_ERROR;
				CLANG_WARN_DOCUMENTATION_COMMENTS = YES;
				CLANG_WARN_EMPTY_BODY = YES;
				CLANG_WARN_ENUM_CONVERSION = YES;
				CLANG_WARN_INFINITE_RECURSION = YES;
				CLANG_WARN_INT_CONVERSION = YES;
				CLANG_WARN_NON_LITERAL_NULL_CONVERSION = YES;
				CLANG_WARN_OBJC_IMPLICIT_RETAIN_SELF = YES;
				CLANG_WARN_OBJC_LITERAL_CONVERSION = YES;
				CLANG_WARN_OBJC_ROOT_CLASS = YES_ERROR;
				CLANG_WARN_QUOTED_INCLUDE_IN_FRAMEWORK_HEADER = YES;
				CLANG_WARN_RANGE_LOOP_ANALYSIS = YES;
				CLANG_WARN_STRICT_PROTOTYPES = YES;
				CLANG_WARN_SUSPICIOUS_MOVE = YES;
				CLANG_WARN_UNGUARDED_AVAILABILITY = YES_AGGRESSIVE;
				CLANG_WARN_UNREACHABLE_CODE = YES;
				CLANG_WARN__DUPLICATE_METHOD_MATCH = YES;
				COPY_PHASE_STRIP = NO;
				DEBUG_INFORMATION_FORMAT = dwarf;
				ENABLE_STRICT_OBJC_MSGSEND = YES;
				ENABLE_TESTABILITY = YES;
				GCC_C_LANGUAGE_STANDARD = gnu11;
				GCC_DYNAMIC_NO_PIC = NO;
				GCC_NO_COMMON_BLOCKS = YES;
				GCC_OPTIMIZATION_LEVEL = 0;
				GCC_PREPROCESSOR_DEFINITIONS = (
					"DEBUG=1",
					"$(inherited)",
				);
				GCC_WARN_64_TO_32_BIT_CONVERSION = YES;
				GCC_WARN_ABOUT_RETURN_TYPE = YES_ERROR;
				GCC_WARN_UNDECLARED_SELECTOR = YES;
				GCC_WARN_UNINITIALIZED_AUTOS = YES_AGGRESSIVE;
				GCC_WARN_UNUSED_FUNCTION = YES;
				GCC_WARN_UNUSED_VARIABLE = YES;
				IPHONEOS_DEPLOYMENT_TARGET = 14.4;
				MTL_ENABLE_DEBUG_INFO = INCLUDE_SOURCE;
				MTL_FAST_MATH = YES;
				ONLY_ACTIVE_ARCH = YES;
				SDKROOT = iphoneos;
				SWIFT_ACTIVE_COMPILATION_CONDITIONS = DEBUG;
				SWIFT_OPTIMIZATION_LEVEL = "-Onone";
			};
			name = Debug;
		};
		28AA771D25DB879D00D3FDAD /* Release */ = {
			isa = XCBuildConfiguration;
			buildSettings = {
				ALWAYS_SEARCH_USER_PATHS = NO;
				CLANG_ANALYZER_NONNULL = YES;
				CLANG_ANALYZER_NUMBER_OBJECT_CONVERSION = YES_AGGRESSIVE;
				CLANG_CXX_LANGUAGE_STANDARD = "gnu++14";
				CLANG_CXX_LIBRARY = "libc++";
				CLANG_ENABLE_MODULES = YES;
				CLANG_ENABLE_OBJC_ARC = YES;
				CLANG_ENABLE_OBJC_WEAK = YES;
				CLANG_WARN_BLOCK_CAPTURE_AUTORELEASING = YES;
				CLANG_WARN_BOOL_CONVERSION = YES;
				CLANG_WARN_COMMA = YES;
				CLANG_WARN_CONSTANT_CONVERSION = YES;
				CLANG_WARN_DEPRECATED_OBJC_IMPLEMENTATIONS = YES;
				CLANG_WARN_DIRECT_OBJC_ISA_USAGE = YES_ERROR;
				CLANG_WARN_DOCUMENTATION_COMMENTS = YES;
				CLANG_WARN_EMPTY_BODY = YES;
				CLANG_WARN_ENUM_CONVERSION = YES;
				CLANG_WARN_INFINITE_RECURSION = YES;
				CLANG_WARN_INT_CONVERSION = YES;
				CLANG_WARN_NON_LITERAL_NULL_CONVERSION = YES;
				CLANG_WARN_OBJC_IMPLICIT_RETAIN_SELF = YES;
				CLANG_WARN_OBJC_LITERAL_CONVERSION = YES;
				CLANG_WARN_OBJC_ROOT_CLASS = YES_ERROR;
				CLANG_WARN_QUOTED_INCLUDE_IN_FRAMEWORK_HEADER = YES;
				CLANG_WARN_RANGE_LOOP_ANALYSIS = YES;
				CLANG_WARN_STRICT_PROTOTYPES = YES;
				CLANG_WARN_SUSPICIOUS_MOVE = YES;
				CLANG_WARN_UNGUARDED_AVAILABILITY = YES_AGGRESSIVE;
				CLANG_WARN_UNREACHABLE_CODE = YES;
				CLANG_WARN__DUPLICATE_METHOD_MATCH = YES;
				COPY_PHASE_STRIP = NO;
				DEBUG_INFORMATION_FORMAT = "dwarf-with-dsym";
				ENABLE_NS_ASSERTIONS = NO;
				ENABLE_STRICT_OBJC_MSGSEND = YES;
				GCC_C_LANGUAGE_STANDARD = gnu11;
				GCC_NO_COMMON_BLOCKS = YES;
				GCC_WARN_64_TO_32_BIT_CONVERSION = YES;
				GCC_WARN_ABOUT_RETURN_TYPE = YES_ERROR;
				GCC_WARN_UNDECLARED_SELECTOR = YES;
				GCC_WARN_UNINITIALIZED_AUTOS = YES_AGGRESSIVE;
				GCC_WARN_UNUSED_FUNCTION = YES;
				GCC_WARN_UNUSED_VARIABLE = YES;
				IPHONEOS_DEPLOYMENT_TARGET = 14.4;
				MTL_ENABLE_DEBUG_INFO = NO;
				MTL_FAST_MATH = YES;
				SDKROOT = iphoneos;
				SWIFT_COMPILATION_MODE = wholemodule;
				SWIFT_OPTIMIZATION_LEVEL = "-O";
				VALIDATE_PRODUCT = YES;
			};
			name = Release;
		};
		28AA771F25DB879D00D3FDAD /* Debug */ = {
			isa = XCBuildConfiguration;
			buildSettings = {
				ASSETCATALOG_COMPILER_APPICON_NAME = AppIcon;
				ASSETCATALOG_COMPILER_GLOBAL_ACCENT_COLOR_NAME = AccentColor;
				CODE_SIGN_STYLE = Automatic;
				DEVELOPMENT_TEAM = 3767ZWFMQQ;
				INFOPLIST_FILE = AutoLayout_01/Info.plist;
				IPHONEOS_DEPLOYMENT_TARGET = 14.3;
				LD_RUNPATH_SEARCH_PATHS = (
					"$(inherited)",
					"@executable_path/Frameworks",
				);
				PRODUCT_BUNDLE_IDENTIFIER = "com.swiftlec.AutoLayout-01";
				PRODUCT_NAME = "$(TARGET_NAME)";
				SWIFT_VERSION = 5.0;
				TARGETED_DEVICE_FAMILY = 1;
			};
			name = Debug;
		};
		28AA772025DB879D00D3FDAD /* Release */ = {
			isa = XCBuildConfiguration;
			buildSettings = {
				ASSETCATALOG_COMPILER_APPICON_NAME = AppIcon;
				ASSETCATALOG_COMPILER_GLOBAL_ACCENT_COLOR_NAME = AccentColor;
				CODE_SIGN_STYLE = Automatic;
				DEVELOPMENT_TEAM = 3767ZWFMQQ;
				INFOPLIST_FILE = AutoLayout_01/Info.plist;
				IPHONEOS_DEPLOYMENT_TARGET = 14.3;
				LD_RUNPATH_SEARCH_PATHS = (
					"$(inherited)",
					"@executable_path/Frameworks",
				);
				PRODUCT_BUNDLE_IDENTIFIER = "com.swiftlec.AutoLayout-01";
				PRODUCT_NAME = "$(TARGET_NAME)";
				SWIFT_VERSION = 5.0;
				TARGETED_DEVICE_FAMILY = 1;
			};
			name = Release;
		};
/* End XCBuildConfiguration section */

/* Begin XCConfigurationList section */
		28AA770525DB879800D3FDAD /* Build configuration list for PBXProject "AutoLayout_01" */ = {
			isa = XCConfigurationList;
			buildConfigurations = (
				28AA771C25DB879D00D3FDAD /* Debug */,
				28AA771D25DB879D00D3FDAD /* Release */,
			);
			defaultConfigurationIsVisible = 0;
			defaultConfigurationName = Release;
		};
		28AA771E25DB879D00D3FDAD /* Build configuration list for PBXNativeTarget "AutoLayout_01" */ = {
			isa = XCConfigurationList;
			buildConfigurations = (
				28AA771F25DB879D00D3FDAD /* Debug */,
				28AA772025DB879D00D3FDAD /* Release */,
			);
			defaultConfigurationIsVisible = 0;
			defaultConfigurationName = Release;
		};
/* End XCConfigurationList section */
	};
	rootObject = 28AA770225DB879800D3FDAD /* Project object */;
}
